{
  "nodes": {
    "flake-compat": {
      "flake": false,
      "locked": {
        "lastModified": 1767039857,
        "narHash": "sha256-vNpUSpF5Nuw8xvDLj2KCwwksIbjua2LZCqhV1LNRDns=",
        "owner": "NixOS",
        "repo": "flake-compat",
        "rev": "5edf11c44bc78a0d334f6334cdaf7d60d732daab",
        "type": "github"
      },
      "original": {
        "owner": "NixOS",
        "repo": "flake-compat",
        "type": "github"
      }
    },
    "flake-parts": {
      "inputs": {
        "nixpkgs-lib": "nixpkgs-lib"
      },
      "locked": {
        "lastModified": 1785627969,
        "narHash": "sha256-4dtXQk/NMePegK/nWp5NSeuZKLATItOq61lpEvmXqGw=",
        "owner": "hercules-ci",
        "repo": "flake-parts",
        "rev": "427bf4bd9435fdf21321c8cc628c24efc14c0f7a",
        "type": "github"
      },
      "original": {
        "owner": "hercules-ci",
        "repo": "flake-parts",
        "type": "github"
      }
    },
    "gnoblin": {
      "inputs": {
        "gnome-shell-src": "gnome-shell-src",
        "gvc": "gvc",
        "gvdb": "gvdb",
        "jasmineGjs": "jasmineGjs",
        "libshew": "libshew",
        "mutter-src": "mutter-src",
        "nixpkgs": [
          "nixpkgs"
        ]
      },
      "locked": {
        "lastModified": 1787578934,
        "narHash": "sha256-rMbg/W6QBy43/7V58oYjxc+4ilYmKYx6wZ9W4Y4/DhM=",
        "owner": "kierandrewett",
        "repo": "gnoblin",
        "rev": "41ddef4405001687d9d5cc21398d0a048d633fdc",
        "type": "github"
      },
      "original": {
        "owner": "kierandrewett",
        "repo": "gnoblin",
        "type": "github"
      }
    },
    "gnome-shell-src": {
      "flake": false,
      "locked": {
        "lastModified": 1776178845,
        "narHash": "sha256-mvsR1HZZvGucT9B6xu6zE4FwwYRZEKhzZnyTlYzTGH0=",
        "ref": "refs/heads/main",
        "rev": "21aa7264064b34f14bd6369215790d41853b2e12",
        "revCount": 20118,
        "type": "git",
        "url": "https://gitlab.gnome.org/GNOME/gnome-shell.git"
      },
      "original": {
        "rev": "21aa7264064b34f14bd6369215790d41853b2e12",
        "type": "git",
        "url": "https://gitlab.gnome.org/GNOME/gnome-shell.git"
      }
    },
    "gvc": {
      "flake": false,
      "locked": {
        "lastModified": 1770829861,
        "narHash": "sha256-10n441b7m/mvQRdrmEsxGxqjKUWzjGvnzJy256NZN5s=",
        "ref": "refs/heads/master",
        "rev": "d2442f455844e5292cb4a74ffc66ecc8d7595a9f",
        "revCount": 120,
        "type": "git",
        "url": "https://gitlab.gnome.org/GNOME/libgnome-volume-control.git"
      },
      "original": {
        "rev": "d2442f455844e5292cb4a74ffc66ecc8d7595a9f",
        "type": "git",
        "url": "https://gitlab.gnome.org/GNOME/libgnome-volume-control.git"
      }
    },
    "gvdb": {
      "flake": false,
      "locked": {
        "lastModified": 1725181085,
        "narHash": "sha256-c56yOepnKPEYFcU1B1TrDl8ydU0JU+z6R8siAQP4d2A=",
        "ref": "refs/heads/main",
        "rev": "b54bc5da25127ef416858a3ad92e57159ff565b3",
        "revCount": 95,
        "type": "git",
        "url": "https://gitlab.gnome.org/GNOME/gvdb.git"
      },
      "original": {
        "rev": "b54bc5da25127ef416858a3ad92e57159ff565b3",
        "type": "git",
        "url": "https://gitlab.gnome.org/GNOME/gvdb.git"
      }
    },
    "home-manager": {
      "inputs": {
        "nixpkgs": [
          "nixpkgs"
        ]
      },
      "locked": {
        "lastModified": 1779506708,
        "narHash": "sha256-QOD/CNm196nCJRheux/URi4/HE66fthdOMqCJoPP1Y0=",
        "owner": "nix-community",
        "repo": "home-manager",
        "rev": "3ee51fbdac8c8bdfe1e7e1fcaba6520a563f394f",
        "type": "github"
      },
      "original": {
        "owner": "nix-community",
        "ref": "release-25.11",
        "repo": "home-manager",
        "type": "github"
      }
    },
    "jasmineGjs": {
      "flake": false,
      "locked": {
        "lastModified": 1736969202,
        "narHash": "sha256-oXX6gURacmkMZ7h/NkNXhH1UTo7Jq8OyMP7ETtZx/NY=",
        "owner": "ptomato",
        "repo": "jasmine-gjs",
        "rev": "856465dddbd92e82e574891e1ebc79e17d7b708a",
        "type": "github"
      },
      "original": {
        "owner": "ptomato",
        "repo": "jasmine-gjs",
        "rev": "856465dddbd92e82e574891e1ebc79e17d7b708a",
        "type": "github"
      }
    },
    "libshew": {
      "flake": false,
      "locked": {
        "lastModified": 1749568263,
        "narHash": "sha256-auv5JsQUkytLLAAJzZlCDw4+v9/JfsCV1hKTa3Ku/Jg=",
        "ref": "refs/heads/main",
        "rev": "ed782477cb5164320ae4f731d49bc5d475ab2a52",
        "revCount": 89,
        "type": "git",
        "url": "https://gitlab.gnome.org/GNOME/libshew.git"
      },
      "original": {
        "rev": "ed782477cb5164320ae4f731d49bc5d475ab2a52",
        "type": "git",
        "url": "https://gitlab.gnome.org/GNOME/libshew.git"
      }
    },
    "mutter-src": {
      "flake": false,
      "locked": {
        "lastModified": 1773606664,
        "narHash": "sha256-mg0ZJwggrzHgH62uSofj59FXPCh3duD4XsKGdXokGXQ=",
        "ref": "refs/heads/main",
        "rev": "759d53b098df10a1c0b443c093f586e5b1b7de49",
        "revCount": 34751,
        "type": "git",
        "url": "https://gitlab.gnome.org/GNOME/mutter.git"
      },
      "original": {
        "rev": "759d53b098df10a1c0b443c093f586e5b1b7de49",
        "type": "git",
        "url": "https://gitlab.gnome.org/GNOME/mutter.git"
      }
    },
    "nix-cachyos-kernel": {
      "inputs": {
        "flake-compat": "flake-compat",
        "flake-parts": "flake-parts",
        "nixpkgs": "nixpkgs"
      },
      "locked": {
        "lastModified": 1787507561,
        "narHash": "sha256-7Hydh9RTatdMOVKgHno3ELWgsda1zeklSMGVWJqMiWs=",
        "owner": "xddxdd",
        "repo": "nix-cachyos-kernel",
        "rev": "dbae8dc454556968710401643aa2c6867d166440",
        "type": "github"
      },
      "original": {
        "owner": "xddxdd",
        "ref": "release",
        "repo": "nix-cachyos-kernel",
        "type": "github"
      }
    },
    "nix-flatpak": {
      "locked": {
        "lastModified": 1767983141,
        "narHash": "sha256-7ZCulYUD9RmJIDULTRkGLSW1faMpDlPKcbWJLYHoXcs=",
        "owner": "gmodena",
        "repo": "nix-flatpak",
        "rev": "440818969ac2cbd77bfe025e884d0aa528991374",
        "type": "github"
      },
      "original": {
        "owner": "gmodena",
        "ref": "v0.7.0",
        "repo": "nix-flatpak",
        "type": "github"
      }
    },
    "nixpkgs": {
      "locked": {
        "lastModified": 1787441254,
        "narHash": "sha256-/7oA/UPfrk0ubngvJjDleROuiNdA7y4d+5qNcDeQuCA=",
        "owner": "NixOS",
        "repo": "nixpkgs",
        "rev": "ae9396d21aa0dcfe9419f6bdc3bf415eba30a8b7",
        "type": "github"
      },
      "original": {
        "owner": "NixOS",
        "ref": "nixos-unstable-small",
        "repo": "nixpkgs",
        "type": "github"
      }
    },
    "nixpkgs-lib": {
      "locked": {
        "lastModified": 1785031560,
        "narHash": "sha256-OmshNvn2vupOFpYinLUu+1Dnpu4n7Q5N3ggGVNHpkUI=",
        "owner": "nix-community",
        "repo": "nixpkgs.lib",
        "rev": "0e79af5e3d4dcfcd676ab5ba3f95d2e3352e078c",
        "type": "github"
      },
      "original": {
        "owner": "nix-community",
        "repo": "nixpkgs.lib",
        "type": "github"
      }
    },
    "nixpkgs_2": {
      "locked": {
        "lastModified": 1782847189,
        "narHash": "sha256-twXPFqFsrrY5r28Zh7Homgcp2gUMBgQ6WDS98Q/3xFI=",
        "owner": "NixOS",
        "repo": "nixpkgs",
        "rev": "b6018f87da91d19d0ab4cf979885689b469cdd41",
        "type": "github"
      },
      "original": {
        "owner": "NixOS",
        "ref": "nixos-25.11",
        "repo": "nixpkgs",
        "type": "github"
      }
    },
    "root": {
      "inputs": {
        "gnoblin": "gnoblin",
        "home-manager": "home-manager",
        "nix-cachyos-kernel": "nix-cachyos-kernel",
        "nix-flatpak": "nix-flatpak",
        "nixpkgs": "nixpkgs_2",
        "sops-nix": "sops-nix"
      }
    },
    "sops-nix": {
      "inputs": {
        "nixpkgs": [
          "nixpkgs"
        ]
      },
      "locked": {
        "lastModified": 1786629091,
        "narHash": "sha256-gkig4nPi1CWc4Z50GBsjE4ygSE7hMpl/TwID2an2Cck=",
        "owner": "Mic92",
        "repo": "sops-nix",
        "rev": "a8627b21b9107c5711c96b84f32a9a4b3d45295f",
        "type": "github"
      },
      "original": {
        "owner": "Mic92",
        "repo": "sops-nix",
        "type": "github"
      }
    }
  },
  "root": "root",
  "version": 7
}
